// !$*UTF8*$!
{
	archiveVersion = 1;
	classes = {
	};
	objectVersion = 50;
	objects = {

/* Begin PBXBuildFile section */
		B20CFA4524569BAC00FC34F6 /* DrawImageView.swift in Sources */ = {isa = PBXBuildFile; fileRef = B20CFA4424569BAC00FC34F6 /* DrawImageView.swift */; };
		B234D0D92452E373003FDA32 /* AppDelegate.swift in Sources */ = {isa = PBXBuildFile; fileRef = B234D0D82452E373003FDA32 /* AppDelegate.swift */; };
		B234D0DB2452E373003FDA32 /* SceneDelegate.swift in Sources */ = {isa = PBXBuildFile; fileRef = B234D0DA2452E373003FDA32 /* SceneDelegate.swift */; };
		B234D0DD2452E373003FDA32 /* ViewController.swift in Sources */ = {isa = PBXBuildFile; fileRef = B234D0DC2452E373003FDA32 /* ViewController.swift */; };
		B234D0E02452E373003FDA32 /* Main.storyboard in Resources */ = {isa = PBXBuildFile; fileRef = B234D0DE2452E373003FDA32 /* Main.storyboard */; };
		B234D0E22452E375003FDA32 /* Assets.xcassets in Resources */ = {isa = PBXBuildFile; fileRef = B234D0E12452E375003FDA32 /* Assets.xcassets */; };
		B234D0E52452E375003FDA32 /* LaunchScreen.storyboard in Resources */ = {isa = PBXBuildFile; fileRef = B234D0E32452E375003FDA32 /* LaunchScreen.storyboard */; };
		B26E2FFE2453129B00733564 /* DrawView.swift in Sources */ = {isa = PBXBuildFile; fileRef = B26E2FFD2453129B00733564 /* DrawView.swift */; };
/* End PBXBuildFile section */

/* Begin PBXFileReference section */
		B20CFA4424569BAC00FC34F6 /* DrawImageView.swift */ = {isa = PBXFileReference; lastKnownFileType = sourcecode.swift; path = DrawImageView.swift; sourceTree = "<group>"; };
		B234D0D52452E373003FDA32 /* DrawBoard.app */ = {isa = PBXFileReference; explicitFileType = wrapper.application; includeInIndex = 0; path = DrawBoard.app; sourceTree = BUILT_PRODUCTS_DIR; };
		B234D0D82452E373003FDA32 /* AppDelegate.swift */ = {isa = PBXFileReference; lastKnownFileType = sourcecode.swift; path = AppDelegate.swift; sourceTree = "<group>"; };
		B234D0DA2452E373003FDA32 /* SceneDelegate.swift */ = {isa = PBXFileReference; lastKnownFileType = sourcecode.swift; path = SceneDelegate.swift; sourceTree = "<group>"; };
		B234D0DC2452E373003FDA32 /* ViewController.swift */ = {isa = PBXFileReference; lastKnownFileType = sourcecode.swift; path = ViewController.swift; sourceTree = "<group>"; };
		B234D0DF2452E373003FDA32 /* Base */ = {isa = PBXFileReference; lastKnownFileType = file.storyboard; name = Base; path = Base.lproj/Main.storyboard; sourceTree = "<group>"; };
		B234D0E12452E375003FDA32 /* Assets.xcassets */ = {isa = PBXFileReference; lastKnownFileType = folder.assetcatalog; path = Assets.xcassets; sourceTree = "<group>"; };
		B234D0E42452E375003FDA32 /* Base */ = {isa = PBXFileReference; lastKnownFileType = file.storyboard; name = Base; path = Base.lproj/LaunchScreen.storyboard; sourceTree = "<group>"; };
		B234D0E62452E375003FDA32 /* Info.plist */ = {isa = PBXFileReference; lastKnownFileType = text.plist.xml; path = Info.plist; sourceTree = "<group>"; };
		B26E2FFD2453129B00733564 /* DrawView.swift */ = {isa = PBXFileReference; lastKnownFileType = sourcecode.swift; path = DrawView.swift; sourceTree = "<group>"; };
/* End PBXFileReference section */

/* Begin PBXFrameworksBuildPhase section */
		B234D0D22452E373003FDA32 /* Frameworks */ = {
			isa = PBXFrameworksBuildPhase;
			buildActionMask = 2147483647;
			files = (
			);
			runOnlyForDeploymentPostprocessing = 0;
		};
/* End PBXFrameworksBuildPhase section */

/* Begin PBXGroup section */
		B234D0CC2452E373003FDA32 = {
			isa = PBXGroup;
			children = (
				B234D0D72452E373003FDA32 /* DrawBoard */,
				B234D0D62452E373003FDA32 /* Products */,
			);
			sourceTree = "<group>";
		};
		B234D0D62452E373003FDA32 /* Products */ = {
			isa = PBXGroup;
			children = (
				B234D0D52452E373003FDA32 /* DrawBoard.app */,
			);
			name = Products;
			sourceTree = "<group>";
		};
		B234D0D72452E373003FDA32 /* DrawBoard */ = {
			isa = PBXGroup;
			children = (
				B26E2FFC2453127900733564 /* View */,
				B234D0D82452E373003FDA32 /* AppDelegate.swift */,
				B234D0DA2452E373003FDA32 /* SceneDelegate.swift */,
				B234D0DC2452E373003FDA32 /* ViewController.swift */,
				B234D0DE2452E373003FDA32 /* Main.storyboard */,
				B234D0E12452E375003FDA32 /* Assets.xcassets */,
				B234D0E32452E375003FDA32 /* LaunchScreen.storyboard */,
				B234D0E62452E375003FDA32 /* Info.plist */,
			);
			path = DrawBoard;
			sourceTree = "<group>";
		};
		B26E2FFC2453127900733564 /* View */ = {
			isa = PBXGroup;
			children = (
				B26E2FFD2453129B00733564 /* DrawView.swift */,
				B20CFA4424569BAC00FC34F6 /* DrawImageView.swift */,
			);
			path = View;
			sourceTree = "<group>";
		};
/* End PBXGroup section */

/* Begin PBXNativeTarget section */
		B234D0D42452E373003FDA32 /* DrawBoard */ = {
			isa = PBXNativeTarget;
			buildConfigurationList = B234D0E92452E375003FDA32 /* Build configuration list for PBXNativeTarget "DrawBoard" */;
			buildPhases = (
				B234D0D12452E373003FDA32 /* Sources */,
				B234D0D22452E373003FDA32 /* Frameworks */,
				B234D0D32452E373003FDA32 /* Resources */,
			);
			buildRules = (
			);
			dependencies = (
			);
			name = DrawBoard;
			productName = DrawBoard;
			productReference = B234D0D52452E373003FDA32 /* DrawBoard.app */;
			productType = "com.apple.product-type.application";
		};
/* End PBXNativeTarget section */

/* Begin PBXProject section */
		B234D0CD2452E373003FDA32 /* Project object */ = {
			isa = PBXProject;
			attributes = {
				LastSwiftUpdateCheck = 1120;
				LastUpgradeCheck = 1120;
				ORGANIZATIONNAME = "峰";
				TargetAttributes = {
					B234D0D42452E373003FDA32 = {
						CreatedOnToolsVersion = 11.2.1;
					};
				};
			};
			buildConfigurationList = B234D0D02452E373003FDA32 /* Build configuration list for PBXProject "DrawBoard" */;
			compatibilityVersion = "Xcode 9.3";
			developmentRegion = en;
			hasScannedForEncodings = 0;
			knownRegions = (
				en,
				Base,
			);
			mainGroup = B234D0CC2452E373003FDA32;
			productRefGroup = B234D0D62452E373003FDA32 /* Products */;
			projectDirPath = "";
			projectRoot = "";
			targets = (
				B234D0D42452E373003FDA32 /* DrawBoard */,
			);
		};
/* End PBXProject section */

/* Begin PBXResourcesBuildPhase section */
		B234D0D32452E373003FDA32 /* Resources */ = {
			isa = PBXResourcesBuildPhase;
			buildActionMask = 2147483647;
			files = (
				B234D0E52452E375003FDA32 /* LaunchScreen.storyboard in Resources */,
				B234D0E22452E375003FDA32 /* Assets.xcassets in Resources */,
				B234D0E02452E373003FDA32 /* Main.storyboard in Resources */,
			);
			runOnlyForDeploymentPostprocessing = 0;
		};
/* End PBXResourcesBuildPhase section */

/* Begin PBXSourcesBuildPhase section */
		B234D0D12452E373003FDA32 /* Sources */ = {
			isa = PBXSourcesBuildPhase;
			buildActionMask = 2147483647;
			files = (
				B234D0DD2452E373003FDA32 /* ViewController.swift in Sources */,
				B234D0D92452E373003FDA32 /* AppDelegate.swift in Sources */,
				B26E2FFE2453129B00733564 /* DrawView.swift in Sources */,
				B20CFA4524569BAC00FC34F6 /* DrawImageView.swift in Sources */,
				B234D0DB2452E373003FDA32 /* SceneDelegate.swift in Sources */,
			);
			runOnlyForDeploymentPostprocessing = 0;
		};
/* End PBXSourcesBuildPhase section */

/* Begin PBXVariantGroup section */
		B234D0DE2452E373003FDA32 /* Main.storyboard */ = {
			isa = PBXVariantGroup;
			children = (
				B234D0DF2452E373003FDA32 /* Base */,
			);
			name = Main.storyboard;
			sourceTree = "<group>";
		};
		B234D0E32452E375003FDA32 /* LaunchScreen.storyboard */ = {
			isa = PBXVariantGroup;
			children = (
				B234D0E42452E375003FDA32 /* Base */,
			);
			name = LaunchScreen.storyboard;
			sourceTree = "<group>";
		};
/* End PBXVariantGroup section */

/* Begin XCBuildConfiguration section */
		B234D0E72452E375003FDA32 /* Debug */ = {
			isa = XCBuildConfiguration;
			buildSettings = {
				ALWAYS_SEARCH_USER_PATHS = NO;
				CLANG_ANALYZER_NONNULL = YES;
				CLANG_ANALYZER_NUMBER_OBJECT_CONVERSION = YES_AGGRESSIVE;
				CLANG_CXX_LANGUAGE_STANDARD = "gnu++14";
				CLANG_CXX_LIBRARY = "libc++";
				CLANG_ENABLE_MODULES = YES;
				CLANG_ENABLE_OBJC_ARC = YES;
				CLANG_ENABLE_OBJC_WEAK = YES;
				CLANG_WARN_BLOCK_CAPTURE_AUTORELEASING = YES;
				CLANG_WARN_BOOL_CONVERSION = YES;
				CLANG_WARN_COMMA = YES;
				CLANG_WARN_CONSTANT_CONVERSION = YES;
				CLANG_WARN_DEPRECATED_OBJC_IMPLEMENTATIONS = YES;
				CLANG_WARN_DIRECT_OBJC_ISA_USAGE = YES_ERROR;
				CLANG_WARN_DOCUMENTATION_COMMENTS = YES;
				CLANG_WARN_EMPTY_BODY = YES;
				CLANG_WARN_ENUM_CONVERSION = YES;
				CLANG_WARN_INFINITE_RECURSION = YES;
				CLANG_WARN_INT_CONVERSION = YES;
				CLANG_WARN_NON_LITERAL_NULL_CONVERSION = YES;
				CLANG_WARN_OBJC_IMPLICIT_RETAIN_SELF = YES;
				CLANG_WARN_OBJC_LITERAL_CONVERSION = YES;
				CLANG_WARN_OBJC_ROOT_CLASS = YES_ERROR;
				CLANG_WARN_RANGE_LOOP_ANALYSIS = YES;
				CLANG_WARN_STRICT_PROTOTYPES = YES;
				CLANG_WARN_SUSPICIOUS_MOVE = YES;
				CLANG_WARN_UNGUARDED_AVAILABILITY = YES_AGGRESSIVE;
				CLANG_WARN_UNREACHABLE_CODE = YES;
				CLANG_WARN__DUPLICATE_METHOD_MATCH = YES;
				COPY_PHASE_STRIP = NO;
				DEBUG_INFORMATION_FORMAT = dwarf;
				ENABLE_STRICT_OBJC_MSGSEND = YES;
				ENABLE_TESTABILITY = YES;
				GCC_C_LANGUAGE_STANDARD = gnu11;
				GCC_DYNAMIC_NO_PIC = NO;
				GCC_NO_COMMON_BLOCKS = YES;
				GCC_OPTIMIZATION_LEVEL = 0;
				GCC_PREPROCESSOR_DEFINITIONS = (
					"DEBUG=1",
					"$(inherited)",
				);
				GCC_WARN_64_TO_32_BIT_CONVERSION = YES;
				GCC_WARN_ABOUT_RETURN_TYPE = YES_ERROR;
				GCC_WARN_UNDECLARED_SELECTOR = YES;
				GCC_WARN_UNINITIALIZED_AUTOS = YES_AGGRESSIVE;
				GCC_WARN_UNUSED_FUNCTION = YES;
				GCC_WARN_UNUSED_VARIABLE = YES;
				IPHONEOS_DEPLOYMENT_TARGET = 13.2;
				MTL_ENABLE_DEBUG_INFO = INCLUDE_SOURCE;
				MTL_FAST_MATH = YES;
				ONLY_ACTIVE_ARCH = YES;
				SDKROOT = iphoneos;
				SWIFT_ACTIVE_COMPILATION_CONDITIONS = DEBUG;
				SWIFT_OPTIMIZATION_LEVEL = "-Onone";
			};
			name = Debug;
		};
		B234D0E82452E375003FDA32 /* Release */ = {
			isa = XCBuildConfiguration;
			buildSettings = {
				ALWAYS_SEARCH_USER_PATHS = NO;
				CLANG_ANALYZER_NONNULL = YES;
				CLANG_ANALYZER_NUMBER_OBJECT_CONVERSION = YES_AGGRESSIVE;
				CLANG_CXX_LANGUAGE_STANDARD = "gnu++14";
				CLANG_CXX_LIBRARY = "libc++";
				CLANG_ENABLE_MODULES = YES;
				CLANG_ENABLE_OBJC_ARC = YES;
				CLANG_ENABLE_OBJC_WEAK = YES;
				CLANG_WARN_BLOCK_CAPTURE_AUTORELEASING = YES;
				CLANG_WARN_BOOL_CONVERSION = YES;
				CLANG_WARN_COMMA = YES;
				CLANG_WARN_CONSTANT_CONVERSION = YES;
				CLANG_WARN_DEPRECATED_OBJC_IMPLEMENTATIONS = YES;
				CLANG_WARN_DIRECT_OBJC_ISA_USAGE = YES_ERROR;
				CLANG_WARN_DOCUMENTATION_COMMENTS = YES;
				CLANG_WARN_EMPTY_BODY = YES;
				CLANG_WARN_ENUM_CONVERSION = YES;
				CLANG_WARN_INFINITE_RECURSION = YES;
				CLANG_WARN_INT_CONVERSION = YES;
				CLANG_WARN_NON_LITERAL_NULL_CONVERSION = YES;
				CLANG_WARN_OBJC_IMPLICIT_RETAIN_SELF = YES;
				CLANG_WARN_OBJC_LITERAL_CONVERSION = YES;
				CLANG_WARN_OBJC_ROOT_CLASS = YES_ERROR;
				CLANG_WARN_RANGE_LOOP_ANALYSIS = YES;
				CLANG_WARN_STRICT_PROTOTYPES = YES;
				CLANG_WARN_SUSPICIOUS_MOVE = YES;
				CLANG_WARN_UNGUARDED_AVAILABILITY = YES_AGGRESSIVE;
				CLANG_WARN_UNREACHABLE_CODE = YES;
				CLANG_WARN__DUPLICATE_METHOD_MATCH = YES;
				COPY_PHASE_STRIP = NO;
				DEBUG_INFORMATION_FORMAT = "dwarf-with-dsym";
				ENABLE_NS_ASSERTIONS = NO;
				ENABLE_STRICT_OBJC_MSGSEND = YES;
				GCC_C_LANGUAGE_STANDARD = gnu11;
				GCC_NO_COMMON_BLOCKS = YES;
				GCC_WARN_64_TO_32_BIT_CONVERSION = YES;
				GCC_WARN_ABOUT_RETURN_TYPE = YES_ERROR;
				GCC_WARN_UNDECLARED_SELECTOR = YES;
				GCC_WARN_UNINITIALIZED_AUTOS = YES_AGGRESSIVE;
				GCC_WARN_UNUSED_FUNCTION = YES;
				GCC_WARN_UNUSED_VARIABLE = YES;
				IPHONEOS_DEPLOYMENT_TARGET = 13.2;
				MTL_ENABLE_DEBUG_INFO = NO;
				MTL_FAST_MATH = YES;
				SDKROOT = iphoneos;
				SWIFT_COMPILATION_MODE = wholemodule;
				SWIFT_OPTIMIZATION_LEVEL = "-O";
				VALIDATE_PRODUCT = YES;
			};
			name = Release;
		};
		B234D0EA2452E375003FDA32 /* Debug */ = {
			isa = XCBuildConfiguration;
			buildSettings = {
				ASSETCATALOG_COMPILER_APPICON_NAME = AppIcon;
				CODE_SIGN_STYLE = Automatic;
				DEVELOPMENT_TEAM = G59LUC6995;
				INFOPLIST_FILE = DrawBoard/Info.plist;
				LD_RUNPATH_SEARCH_PATHS = (
					"$(inherited)",
					"@executable_path/Frameworks",
				);
				PRODUCT_BUNDLE_IDENTIFIER = feng.DrawBoard;
				PRODUCT_NAME = "$(TARGET_NAME)";
				SWIFT_VERSION = 5.0;
				TARGETED_DEVICE_FAMILY = "1,2";
			};
			name = Debug;
		};
		B234D0EB2452E375003FDA32 /* Release */ = {
			isa = XCBuildConfiguration;
			buildSettings = {
				ASSETCATALOG_COMPILER_APPICON_NAME = AppIcon;
				CODE_SIGN_STYLE = Automatic;
				DEVELOPMENT_TEAM = G59LUC6995;
				INFOPLIST_FILE = DrawBoard/Info.plist;
				LD_RUNPATH_SEARCH_PATHS = (
					"$(inherited)",
					"@executable_path/Frameworks",
				);
				PRODUCT_BUNDLE_IDENTIFIER = feng.DrawBoard;
				PRODUCT_NAME = "$(TARGET_NAME)";
				SWIFT_VERSION = 5.0;
				TARGETED_DEVICE_FAMILY = "1,2";
			};
			name = Release;
		};
/* End XCBuildConfiguration section */

/* Begin XCConfigurationList section */
		B234D0D02452E373003FDA32 /* Build configuration list for PBXProject "DrawBoard" */ = {
			isa = XCConfigurationList;
			buildConfigurations = (
				B234D0E72452E375003FDA32 /* Debug */,
				B234D0E82452E375003FDA32 /* Release */,
			);
			defaultConfigurationIsVisible = 0;
			defaultConfigurationName = Release;
		};
		B234D0E92452E375003FDA32 /* Build configuration list for PBXNativeTarget "DrawBoard" */ = {
			isa = XCConfigurationList;
			buildConfigurations = (
				B234D0EA2452E375003FDA32 /* Debug */,
				B234D0EB2452E375003FDA32 /* Release */,
			);
			defaultConfigurationIsVisible = 0;
			defaultConfigurationName = Release;
		};
/* End XCConfigurationList section */
	};
	rootObject = B234D0CD2452E373003FDA32 /* Project object */;
}
